// !$*UTF8*$!
{
	archiveVersion = 1;
	classes = {
	};
	objectVersion = 50;
	objects = {

/* Begin PBXBuildFile section */
		BD2D8F41266909CD00ADBDED /* AspectVGrid.swift in Sources */ = {isa = PBXBuildFile; fileRef = BD2D8F40266909CD00ADBDED /* AspectVGrid.swift */; };
		BD2D8F43266A543C00ADBDED /* Pie.swift in Sources */ = {isa = PBXBuildFile; fileRef = BD2D8F42266A543C00ADBDED /* Pie.swift */; };
		BD3E355B2657F7E0009DF007 /* Memories_2021App.swift in Sources */ = {isa = PBXBuildFile; fileRef = BD3E355A2657F7E0009DF007 /* Memories_2021App.swift */; };
		BD3E355D2657F7E0009DF007 /* EmojiMemoryGameView.swift in Sources */ = {isa = PBXBuildFile; fileRef = BD3E355C2657F7E0009DF007 /* EmojiMemoryGameView.swift */; };
		BD3E355F2657F7E1009DF007 /* Assets.xcassets in Resources */ = {isa = PBXBuildFile; fileRef = BD3E355E2657F7E1009DF007 /* Assets.xcassets */; };
		BD3E35622657F7E1009DF007 /* Preview Assets.xcassets in Resources */ = {isa = PBXBuildFile; fileRef = BD3E35612657F7E1009DF007 /* Preview Assets.xcassets */; };
		BD3E356D2657F7E2009DF007 /* Memories_2021Tests.swift in Sources */ = {isa = PBXBuildFile; fileRef = BD3E356C2657F7E2009DF007 /* Memories_2021Tests.swift */; };
		BD3E35782657F7E2009DF007 /* Memories_2021UITests.swift in Sources */ = {isa = PBXBuildFile; fileRef = BD3E35772657F7E2009DF007 /* Memories_2021UITests.swift */; };
		BDB4FE53265E8D8C008FC12F /* MemoryGame.swift in Sources */ = {isa = PBXBuildFile; fileRef = BDB4FE52265E8D8C008FC12F /* MemoryGame.swift */; };
		BDB4FE55265E8DAA008FC12F /* EmojiMemoryGame.swift in Sources */ = {isa = PBXBuildFile; fileRef = BDB4FE54265E8DAA008FC12F /* EmojiMemoryGame.swift */; };
/* End PBXBuildFile section */

/* Begin PBXContainerItemProxy section */
		BD3E35692657F7E2009DF007 /* PBXContainerItemProxy */ = {
			isa = PBXContainerItemProxy;
			containerPortal = BD3E354F2657F7E0009DF007 /* Project object */;
			proxyType = 1;
			remoteGlobalIDString = BD3E35562657F7E0009DF007;
			remoteInfo = Memories_2021;
		};
		BD3E35742657F7E2009DF007 /* PBXContainerItemProxy */ = {
			isa = PBXContainerItemProxy;
			containerPortal = BD3E354F2657F7E0009DF007 /* Project object */;
			proxyType = 1;
			remoteGlobalIDString = BD3E35562657F7E0009DF007;
			remoteInfo = Memories_2021;
		};
/* End PBXContainerItemProxy section */

/* Begin PBXFileReference section */
		BD2D8F40266909CD00ADBDED /* AspectVGrid.swift */ = {isa = PBXFileReference; lastKnownFileType = sourcecode.swift; path = AspectVGrid.swift; sourceTree = "<group>"; };
		BD2D8F42266A543C00ADBDED /* Pie.swift */ = {isa = PBXFileReference; lastKnownFileType = sourcecode.swift; path = Pie.swift; sourceTree = "<group>"; };
		BD3E35572657F7E0009DF007 /* Memories_2021.app */ = {isa = PBXFileReference; explicitFileType = wrapper.application; includeInIndex = 0; path = Memories_2021.app; sourceTree = BUILT_PRODUCTS_DIR; };
		BD3E355A2657F7E0009DF007 /* Memories_2021App.swift */ = {isa = PBXFileReference; lastKnownFileType = sourcecode.swift; path = Memories_2021App.swift; sourceTree = "<group>"; };
		BD3E355C2657F7E0009DF007 /* EmojiMemoryGameView.swift */ = {isa = PBXFileReference; lastKnownFileType = sourcecode.swift; path = EmojiMemoryGameView.swift; sourceTree = "<group>"; };
		BD3E355E2657F7E1009DF007 /* Assets.xcassets */ = {isa = PBXFileReference; lastKnownFileType = folder.assetcatalog; path = Assets.xcassets; sourceTree = "<group>"; };
		BD3E35612657F7E1009DF007 /* Preview Assets.xcassets */ = {isa = PBXFileReference; lastKnownFileType = folder.assetcatalog; path = "Preview Assets.xcassets"; sourceTree = "<group>"; };
		BD3E35632657F7E1009DF007 /* Info.plist */ = {isa = PBXFileReference; lastKnownFileType = text.plist.xml; path = Info.plist; sourceTree = "<group>"; };
		BD3E35682657F7E2009DF007 /* Memories_2021Tests.xctest */ = {isa = PBXFileReference; explicitFileType = wrapper.cfbundle; includeInIndex = 0; path = Memories_2021Tests.xctest; sourceTree = BUILT_PRODUCTS_DIR; };
		BD3E356C2657F7E2009DF007 /* Memories_2021Tests.swift */ = {isa = PBXFileReference; lastKnownFileType = sourcecode.swift; path = Memories_2021Tests.swift; sourceTree = "<group>"; };
		BD3E356E2657F7E2009DF007 /* Info.plist */ = {isa = PBXFileReference; lastKnownFileType = text.plist.xml; path = Info.plist; sourceTree = "<group>"; };
		BD3E35732657F7E2009DF007 /* Memories_2021UITests.xctest */ = {isa = PBXFileReference; explicitFileType = wrapper.cfbundle; includeInIndex = 0; path = Memories_2021UITests.xctest; sourceTree = BUILT_PRODUCTS_DIR; };
		BD3E35772657F7E2009DF007 /* Memories_2021UITests.swift */ = {isa = PBXFileReference; lastKnownFileType = sourcecode.swift; path = Memories_2021UITests.swift; sourceTree = "<group>"; };
		BD3E35792657F7E2009DF007 /* Info.plist */ = {isa = PBXFileReference; lastKnownFileType = text.plist.xml; path = Info.plist; sourceTree = "<group>"; };
		BDB4FE52265E8D8C008FC12F /* MemoryGame.swift */ = {isa = PBXFileReference; lastKnownFileType = sourcecode.swift; path = MemoryGame.swift; sourceTree = "<group>"; };
		BDB4FE54265E8DAA008FC12F /* EmojiMemoryGame.swift */ = {isa = PBXFileReference; lastKnownFileType = sourcecode.swift; path = EmojiMemoryGame.swift; sourceTree = "<group>"; };
/* End PBXFileReference section */

/* Begin PBXFrameworksBuildPhase section */
		BD3E35542657F7E0009DF007 /* Frameworks */ = {
			isa = PBXFrameworksBuildPhase;
			buildActionMask = 2147483647;
			files = (
			);
			runOnlyForDeploymentPostprocessing = 0;
		};
		BD3E35652657F7E2009DF007 /* Frameworks */ = {
			isa = PBXFrameworksBuildPhase;
			buildActionMask = 2147483647;
			files = (
			);
			runOnlyForDeploymentPostprocessing = 0;
		};
		BD3E35702657F7E2009DF007 /* Frameworks */ = {
			isa = PBXFrameworksBuildPhase;
			buildActionMask = 2147483647;
			files = (
			);
			runOnlyForDeploymentPostprocessing = 0;
		};
/* End PBXFrameworksBuildPhase section */

/* Begin PBXGroup section */
		BD3E354E2657F7E0009DF007 = {
			isa = PBXGroup;
			children = (
				BD3E35592657F7E0009DF007 /* Memories_2021 */,
				BD3E356B2657F7E2009DF007 /* Memories_2021Tests */,
				BD3E35762657F7E2009DF007 /* Memories_2021UITests */,
				BD3E35582657F7E0009DF007 /* Products */,
			);
			sourceTree = "<group>";
		};
		BD3E35582657F7E0009DF007 /* Products */ = {
			isa = PBXGroup;
			children = (
				BD3E35572657F7E0009DF007 /* Memories_2021.app */,
				BD3E35682657F7E2009DF007 /* Memories_2021Tests.xctest */,
				BD3E35732657F7E2009DF007 /* Memories_2021UITests.xctest */,
			);
			name = Products;
			sourceTree = "<group>";
		};
		BD3E35592657F7E0009DF007 /* Memories_2021 */ = {
			isa = PBXGroup;
			children = (
				BDB4FE52265E8D8C008FC12F /* MemoryGame.swift */,
				BDB4FE54265E8DAA008FC12F /* EmojiMemoryGame.swift */,
				BD3E355C2657F7E0009DF007 /* EmojiMemoryGameView.swift */,
				BD2D8F40266909CD00ADBDED /* AspectVGrid.swift */,
				BD3E355A2657F7E0009DF007 /* Memories_2021App.swift */,
				BD2D8F42266A543C00ADBDED /* Pie.swift */,
				BD3E355E2657F7E1009DF007 /* Assets.xcassets */,
				BD3E35632657F7E1009DF007 /* Info.plist */,
				BD3E35602657F7E1009DF007 /* Preview Content */,
			);
			path = Memories_2021;
			sourceTree = "<group>";
		};
		BD3E35602657F7E1009DF007 /* Preview Content */ = {
			isa = PBXGroup;
			children = (
				BD3E35612657F7E1009DF007 /* Preview Assets.xcassets */,
			);
			path = "Preview Content";
			sourceTree = "<group>";
		};
		BD3E356B2657F7E2009DF007 /* Memories_2021Tests */ = {
			isa = PBXGroup;
			children = (
				BD3E356C2657F7E2009DF007 /* Memories_2021Tests.swift */,
				BD3E356E2657F7E2009DF007 /* Info.plist */,
			);
			path = Memories_2021Tests;
			sourceTree = "<group>";
		};
		BD3E35762657F7E2009DF007 /* Memories_2021UITests */ = {
			isa = PBXGroup;
			children = (
				BD3E35772657F7E2009DF007 /* Memories_2021UITests.swift */,
				BD3E35792657F7E2009DF007 /* Info.plist */,
			);
			path = Memories_2021UITests;
			sourceTree = "<group>";
		};
/* End PBXGroup section */

/* Begin PBXNativeTarget section */
		BD3E35562657F7E0009DF007 /* Memories_2021 */ = {
			isa = PBXNativeTarget;
			buildConfigurationList = BD3E357C2657F7E2009DF007 /* Build configuration list for PBXNativeTarget "Memories_2021" */;
			buildPhases = (
				BD3E35532657F7E0009DF007 /* Sources */,
				BD3E35542657F7E0009DF007 /* Frameworks */,
				BD3E35552657F7E0009DF007 /* Resources */,
			);
			buildRules = (
			);
			dependencies = (
			);
			name = Memories_2021;
			productName = Memories_2021;
			productReference = BD3E35572657F7E0009DF007 /* Memories_2021.app */;
			productType = "com.apple.product-type.application";
		};
		BD3E35672657F7E2009DF007 /* Memories_2021Tests */ = {
			isa = PBXNativeTarget;
			buildConfigurationList = BD3E357F2657F7E2009DF007 /* Build configuration list for PBXNativeTarget "Memories_2021Tests" */;
			buildPhases = (
				BD3E35642657F7E2009DF007 /* Sources */,
				BD3E35652657F7E2009DF007 /* Frameworks */,
				BD3E35662657F7E2009DF007 /* Resources */,
			);
			buildRules = (
			);
			dependencies = (
				BD3E356A2657F7E2009DF007 /* PBXTargetDependency */,
			);
			name = Memories_2021Tests;
			productName = Memories_2021Tests;
			productReference = BD3E35682657F7E2009DF007 /* Memories_2021Tests.xctest */;
			productType = "com.apple.product-type.bundle.unit-test";
		};
		BD3E35722657F7E2009DF007 /* Memories_2021UITests */ = {
			isa = PBXNativeTarget;
			buildConfigurationList = BD3E35822657F7E2009DF007 /* Build configuration list for PBXNativeTarget "Memories_2021UITests" */;
			buildPhases = (
				BD3E356F2657F7E2009DF007 /* Sources */,
				BD3E35702657F7E2009DF007 /* Frameworks */,
				BD3E35712657F7E2009DF007 /* Resources */,
			);
			buildRules = (
			);
			dependencies = (
				BD3E35752657F7E2009DF007 /* PBXTargetDependency */,
			);
			name = Memories_2021UITests;
			productName = Memories_2021UITests;
			productReference = BD3E35732657F7E2009DF007 /* Memories_2021UITests.xctest */;
			productType = "com.apple.product-type.bundle.ui-testing";
		};
/* End PBXNativeTarget section */

/* Begin PBXProject section */
		BD3E354F2657F7E0009DF007 /* Project object */ = {
			isa = PBXProject;
			attributes = {
				LastSwiftUpdateCheck = 1250;
				LastUpgradeCheck = 1250;
				TargetAttributes = {
					BD3E35562657F7E0009DF007 = {
						CreatedOnToolsVersion = 12.5;
					};
					BD3E35672657F7E2009DF007 = {
						CreatedOnToolsVersion = 12.5;
						TestTargetID = BD3E35562657F7E0009DF007;
					};
					BD3E35722657F7E2009DF007 = {
						CreatedOnToolsVersion = 12.5;
						TestTargetID = BD3E35562657F7E0009DF007;
					};
				};
			};
			buildConfigurationList = BD3E35522657F7E0009DF007 /* Build configuration list for PBXProject "Memories_2021" */;
			compatibilityVersion = "Xcode 9.3";
			developmentRegion = en;
			hasScannedForEncodings = 0;
			knownRegions = (
				en,
				Base,
			);
			mainGroup = BD3E354E2657F7E0009DF007;
			productRefGroup = BD3E35582657F7E0009DF007 /* Products */;
			projectDirPath = "";
			projectRoot = "";
			targets = (
				BD3E35562657F7E0009DF007 /* Memories_2021 */,
				BD3E35672657F7E2009DF007 /* Memories_2021Tests */,
				BD3E35722657F7E2009DF007 /* Memories_2021UITests */,
			);
		};
/* End PBXProject section */

/* Begin PBXResourcesBuildPhase section */
		BD3E35552657F7E0009DF007 /* Resources */ = {
			isa = PBXResourcesBuildPhase;
			buildActionMask = 2147483647;
			files = (
				BD3E35622657F7E1009DF007 /* Preview Assets.xcassets in Resources */,
				BD3E355F2657F7E1009DF007 /* Assets.xcassets in Resources */,
			);
			runOnlyForDeploymentPostprocessing = 0;
		};
		BD3E35662657F7E2009DF007 /* Resources */ = {
			isa = PBXResourcesBuildPhase;
			buildActionMask = 2147483647;
			files = (
			);
			runOnlyForDeploymentPostprocessing = 0;
		};
		BD3E35712657F7E2009DF007 /* Resources */ = {
			isa = PBXResourcesBuildPhase;
			buildActionMask = 2147483647;
			files = (
			);
			runOnlyForDeploymentPostprocessing = 0;
		};
/* End PBXResourcesBuildPhase section */

/* Begin PBXSourcesBuildPhase section */
		BD3E35532657F7E0009DF007 /* Sources */ = {
			isa = PBXSourcesBuildPhase;
			buildActionMask = 2147483647;
			files = (
				BD2D8F43266A543C00ADBDED /* Pie.swift in Sources */,
				BDB4FE53265E8D8C008FC12F /* MemoryGame.swift in Sources */,
				BD3E355D2657F7E0009DF007 /* EmojiMemoryGameView.swift in Sources */,
				BD3E355B2657F7E0009DF007 /* Memories_2021App.swift in Sources */,
				BD2D8F41266909CD00ADBDED /* AspectVGrid.swift in Sources */,
				BDB4FE55265E8DAA008FC12F /* EmojiMemoryGame.swift in Sources */,
			);
			runOnlyForDeploymentPostprocessing = 0;
		};
		BD3E35642657F7E2009DF007 /* Sources */ = {
			isa = PBXSourcesBuildPhase;
			buildActionMask = 2147483647;
			files = (
				BD3E356D2657F7E2009DF007 /* Memories_2021Tests.swift in Sources */,
			);
			runOnlyForDeploymentPostprocessing = 0;
		};
		BD3E356F2657F7E2009DF007 /* Sources */ = {
			isa = PBXSourcesBuildPhase;
			buildActionMask = 2147483647;
			files = (
				BD3E35782657F7E2009DF007 /* Memories_2021UITests.swift in Sources */,
			);
			runOnlyForDeploymentPostprocessing = 0;
		};
/* End PBXSourcesBuildPhase section */

/* Begin PBXTargetDependency section */
		BD3E356A2657F7E2009DF007 /* PBXTargetDependency */ = {
			isa = PBXTargetDependency;
			target = BD3E35562657F7E0009DF007 /* Memories_2021 */;
			targetProxy = BD3E35692657F7E2009DF007 /* PBXContainerItemProxy */;
		};
		BD3E35752657F7E2009DF007 /* PBXTargetDependency */ = {
			isa = PBXTargetDependency;
			target = BD3E35562657F7E0009DF007 /* Memories_2021 */;
			targetProxy = BD3E35742657F7E2009DF007 /* PBXContainerItemProxy */;
		};
/* End PBXTargetDependency section */

/* Begin XCBuildConfiguration section */
		BD3E357A2657F7E2009DF007 /* Debug */ = {
			isa = XCBuildConfiguration;
			buildSettings = {
				ALWAYS_SEARCH_USER_PATHS = NO;
				CLANG_ANALYZER_NONNULL = YES;
				CLANG_ANALYZER_NUMBER_OBJECT_CONVERSION = YES_AGGRESSIVE;
				CLANG_CXX_LANGUAGE_STANDARD = "gnu++14";
				CLANG_CXX_LIBRARY = "libc++";
				CLANG_ENABLE_MODULES = YES;
				CLANG_ENABLE_OBJC_ARC = YES;
				CLANG_ENABLE_OBJC_WEAK = YES;
				CLANG_WARN_BLOCK_CAPTURE_AUTORELEASING = YES;
				CLANG_WARN_BOOL_CONVERSION = YES;
				CLANG_WARN_COMMA = YES;
				CLANG_WARN_CONSTANT_CONVERSION = YES;
				CLANG_WARN_DEPRECATED_OBJC_IMPLEMENTATIONS = YES;
				CLANG_WARN_DIRECT_OBJC_ISA_USAGE = YES_ERROR;
				CLANG_WARN_DOCUMENTATION_COMMENTS = YES;
				CLANG_WARN_EMPTY_BODY = YES;
				CLANG_WARN_ENUM_CONVERSION = YES;
				CLANG_WARN_INFINITE_RECURSION = YES;
				CLANG_WARN_INT_CONVERSION = YES;
				CLANG_WARN_NON_LITERAL_NULL_CONVERSION = YES;
				CLANG_WARN_OBJC_IMPLICIT_RETAIN_SELF = YES;
				CLANG_WARN_OBJC_LITERAL_CONVERSION = YES;
				CLANG_WARN_OBJC_ROOT_CLASS = YES_ERROR;
				CLANG_WARN_QUOTED_INCLUDE_IN_FRAMEWORK_HEADER = YES;
				CLANG_WARN_RANGE_LOOP_ANALYSIS = YES;
				CLANG_WARN_STRICT_PROTOTYPES = YES;
				CLANG_WARN_SUSPICIOUS_MOVE = YES;
				CLANG_WARN_UNGUARDED_AVAILABILITY = YES_AGGRESSIVE;
				CLANG_WARN_UNREACHABLE_CODE = YES;
				CLANG_WARN__DUPLICATE_METHOD_MATCH = YES;
				COPY_PHASE_STRIP = NO;
				DEBUG_INFORMATION_FORMAT = dwarf;
				ENABLE_STRICT_OBJC_MSGSEND = YES;
				ENABLE_TESTABILITY = YES;
				GCC_C_LANGUAGE_STANDARD = gnu11;
				GCC_DYNAMIC_NO_PIC = NO;
				GCC_NO_COMMON_BLOCKS = YES;
				GCC_OPTIMIZATION_LEVEL = 0;
				GCC_PREPROCESSOR_DEFINITIONS = (
					"DEBUG=1",
					"$(inherited)",
				);
				GCC_WARN_64_TO_32_BIT_CONVERSION = YES;
				GCC_WARN_ABOUT_RETURN_TYPE = YES_ERROR;
				GCC_WARN_UNDECLARED_SELECTOR = YES;
				GCC_WARN_UNINITIALIZED_AUTOS = YES_AGGRESSIVE;
				GCC_WARN_UNUSED_FUNCTION = YES;
				GCC_WARN_UNUSED_VARIABLE = YES;
				IPHONEOS_DEPLOYMENT_TARGET = 14.5;
				MTL_ENABLE_DEBUG_INFO = INCLUDE_SOURCE;
				MTL_FAST_MATH = YES;
				ONLY_ACTIVE_ARCH = YES;
				SDKROOT = iphoneos;
				SWIFT_ACTIVE_COMPILATION_CONDITIONS = DEBUG;
				SWIFT_OPTIMIZATION_LEVEL = "-Onone";
			};
			name = Debug;
		};
		BD3E357B2657F7E2009DF007 /* Release */ = {
			isa = XCBuildConfiguration;
			buildSettings = {
				ALWAYS_SEARCH_USER_PATHS = NO;
				CLANG_ANALYZER_NONNULL = YES;
				CLANG_ANALYZER_NUMBER_OBJECT_CONVERSION = YES_AGGRESSIVE;
				CLANG_CXX_LANGUAGE_STANDARD = "gnu++14";
				CLANG_CXX_LIBRARY = "libc++";
				CLANG_ENABLE_MODULES = YES;
				CLANG_ENABLE_OBJC_ARC = YES;
				CLANG_ENABLE_OBJC_WEAK = YES;
				CLANG_WARN_BLOCK_CAPTURE_AUTORELEASING = YES;
				CLANG_WARN_BOOL_CONVERSION = YES;
				CLANG_WARN_COMMA = YES;
				CLANG_WARN_CONSTANT_CONVERSION = YES;
				CLANG_WARN_DEPRECATED_OBJC_IMPLEMENTATIONS = YES;
				CLANG_WARN_DIRECT_OBJC_ISA_USAGE = YES_ERROR;
				CLANG_WARN_DOCUMENTATION_COMMENTS = YES;
				CLANG_WARN_EMPTY_BODY = YES;
				CLANG_WARN_ENUM_CONVERSION = YES;
				CLANG_WARN_INFINITE_RECURSION = YES;
				CLANG_WARN_INT_CONVERSION = YES;
				CLANG_WARN_NON_LITERAL_NULL_CONVERSION = YES;
				CLANG_WARN_OBJC_IMPLICIT_RETAIN_SELF = YES;
				CLANG_WARN_OBJC_LITERAL_CONVERSION = YES;
				CLANG_WARN_OBJC_ROOT_CLASS = YES_ERROR;
				CLANG_WARN_QUOTED_INCLUDE_IN_FRAMEWORK_HEADER = YES;
				CLANG_WARN_RANGE_LOOP_ANALYSIS = YES;
				CLANG_WARN_STRICT_PROTOTYPES = YES;
				CLANG_WARN_SUSPICIOUS_MOVE = YES;
				CLANG_WARN_UNGUARDED_AVAILABILITY = YES_AGGRESSIVE;
				CLANG_WARN_UNREACHABLE_CODE = YES;
				CLANG_WARN__DUPLICATE_METHOD_MATCH = YES;
				COPY_PHASE_STRIP = NO;
				DEBUG_INFORMATION_FORMAT = "dwarf-with-dsym";
				ENABLE_NS_ASSERTIONS = NO;
				ENABLE_STRICT_OBJC_MSGSEND = YES;
				GCC_C_LANGUAGE_STANDARD = gnu11;
				GCC_NO_COMMON_BLOCKS = YES;
				GCC_WARN_64_TO_32_BIT_CONVERSION = YES;
				GCC_WARN_ABOUT_RETURN_TYPE = YES_ERROR;
				GCC_WARN_UNDECLARED_SELECTOR = YES;
				GCC_WARN_UNINITIALIZED_AUTOS = YES_AGGRESSIVE;
				GCC_WARN_UNUSED_FUNCTION = YES;
				GCC_WARN_UNUSED_VARIABLE = YES;
				IPHONEOS_DEPLOYMENT_TARGET = 14.5;
				MTL_ENABLE_DEBUG_INFO = NO;
				MTL_FAST_MATH = YES;
				SDKROOT = iphoneos;
				SWIFT_COMPILATION_MODE = wholemodule;
				SWIFT_OPTIMIZATION_LEVEL = "-O";
				VALIDATE_PRODUCT = YES;
			};
			name = Release;
		};
		BD3E357D2657F7E2009DF007 /* Debug */ = {
			isa = XCBuildConfiguration;
			buildSettings = {
				ASSETCATALOG_COMPILER_APPICON_NAME = AppIcon;
				ASSETCATALOG_COMPILER_GLOBAL_ACCENT_COLOR_NAME = AccentColor;
				CODE_SIGN_STYLE = Automatic;
				DEVELOPMENT_ASSET_PATHS = "\"Memories_2021/Preview Content\"";
				DEVELOPMENT_TEAM = H65P7X6F44;
				ENABLE_PREVIEWS = YES;
				INFOPLIST_FILE = Memories_2021/Info.plist;
				IPHONEOS_DEPLOYMENT_TARGET = 14.0;
				LD_RUNPATH_SEARCH_PATHS = (
					"$(inherited)",
					"@executable_path/Frameworks",
				);
				PRODUCT_BUNDLE_IDENTIFIER = "happy-coding.Memories-2021";
				PRODUCT_NAME = "$(TARGET_NAME)";
				SWIFT_VERSION = 5.0;
				TARGETED_DEVICE_FAMILY = "1,2";
			};
			name = Debug;
		};
		BD3E357E2657F7E2009DF007 /* Release */ = {
			isa = XCBuildConfiguration;
			buildSettings = {
				ASSETCATALOG_COMPILER_APPICON_NAME = AppIcon;
				ASSETCATALOG_COMPILER_GLOBAL_ACCENT_COLOR_NAME = AccentColor;
				CODE_SIGN_STYLE = Automatic;
				DEVELOPMENT_ASSET_PATHS = "\"Memories_2021/Preview Content\"";
				DEVELOPMENT_TEAM = H65P7X6F44;
				ENABLE_PREVIEWS = YES;
				INFOPLIST_FILE = Memories_2021/Info.plist;
				IPHONEOS_DEPLOYMENT_TARGET = 14.0;
				LD_RUNPATH_SEARCH_PATHS = (
					"$(inherited)",
					"@executable_path/Frameworks",
				);
				PRODUCT_BUNDLE_IDENTIFIER = "happy-coding.Memories-2021";
				PRODUCT_NAME = "$(TARGET_NAME)";
				SWIFT_VERSION = 5.0;
				TARGETED_DEVICE_FAMILY = "1,2";
			};
			name = Release;
		};
		BD3E35802657F7E2009DF007 /* Debug */ = {
			isa = XCBuildConfiguration;
			buildSettings = {
				ALWAYS_EMBED_SWIFT_STANDARD_LIBRARIES = YES;
				BUNDLE_LOADER = "$(TEST_HOST)";
				CODE_SIGN_STYLE = Automatic;
				DEVELOPMENT_TEAM = H65P7X6F44;
				INFOPLIST_FILE = Memories_2021Tests/Info.plist;
				IPHONEOS_DEPLOYMENT_TARGET = 14.0;
				LD_RUNPATH_SEARCH_PATHS = (
					"$(inherited)",
					"@executable_path/Frameworks",
					"@loader_path/Frameworks",
				);
				PRODUCT_BUNDLE_IDENTIFIER = "happy-coding.Memories-2021Tests";
				PRODUCT_NAME = "$(TARGET_NAME)";
				SWIFT_VERSION = 5.0;
				TARGETED_DEVICE_FAMILY = "1,2";
				TEST_HOST = "$(BUILT_PRODUCTS_DIR)/Memories_2021.app/Memories_2021";
			};
			name = Debug;
		};
		BD3E35812657F7E2009DF007 /* Release */ = {
			isa = XCBuildConfiguration;
			buildSettings = {
				ALWAYS_EMBED_SWIFT_STANDARD_LIBRARIES = YES;
				BUNDLE_LOADER = "$(TEST_HOST)";
				CODE_SIGN_STYLE = Automatic;
				DEVELOPMENT_TEAM = H65P7X6F44;
				INFOPLIST_FILE = Memories_2021Tests/Info.plist;
				IPHONEOS_DEPLOYMENT_TARGET = 14.0;
				LD_RUNPATH_SEARCH_PATHS = (
					"$(inherited)",
					"@executable_path/Frameworks",
					"@loader_path/Frameworks",
				);
				PRODUCT_BUNDLE_IDENTIFIER = "happy-coding.Memories-2021Tests";
				PRODUCT_NAME = "$(TARGET_NAME)";
				SWIFT_VERSION = 5.0;
				TARGETED_DEVICE_FAMILY = "1,2";
				TEST_HOST = "$(BUILT_PRODUCTS_DIR)/Memories_2021.app/Memories_2021";
			};
			name = Release;
		};
		BD3E35832657F7E2009DF007 /* Debug */ = {
			isa = XCBuildConfiguration;
			buildSettings = {
				ALWAYS_EMBED_SWIFT_STANDARD_LIBRARIES = YES;
				CODE_SIGN_STYLE = Automatic;
				DEVELOPMENT_TEAM = H65P7X6F44;
				INFOPLIST_FILE = Memories_2021UITests/Info.plist;
				LD_RUNPATH_SEARCH_PATHS = (
					"$(inherited)",
					"@executable_path/Frameworks",
					"@loader_path/Frameworks",
				);
				PRODUCT_BUNDLE_IDENTIFIER = "happy-coding.Memories-2021UITests";
				PRODUCT_NAME = "$(TARGET_NAME)";
				SWIFT_VERSION = 5.0;
				TARGETED_DEVICE_FAMILY = "1,2";
				TEST_TARGET_NAME = Memories_2021;
			};
			name = Debug;
		};
		BD3E35842657F7E2009DF007 /* Release */ = {
			isa = XCBuildConfiguration;
			buildSettings = {
				ALWAYS_EMBED_SWIFT_STANDARD_LIBRARIES = YES;
				CODE_SIGN_STYLE = Automatic;
				DEVELOPMENT_TEAM = H65P7X6F44;
				INFOPLIST_FILE = Memories_2021UITests/Info.plist;
				LD_RUNPATH_SEARCH_PATHS = (
					"$(inherited)",
					"@executable_path/Frameworks",
					"@loader_path/Frameworks",
				);
				PRODUCT_BUNDLE_IDENTIFIER = "happy-coding.Memories-2021UITests";
				PRODUCT_NAME = "$(TARGET_NAME)";
				SWIFT_VERSION = 5.0;
				TARGETED_DEVICE_FAMILY = "1,2";
				TEST_TARGET_NAME = Memories_2021;
			};
			name = Release;
		};
/* End XCBuildConfiguration section */

/* Begin XCConfigurationList section */
		BD3E35522657F7E0009DF007 /* Build configuration list for PBXProject "Memories_2021" */ = {
			isa = XCConfigurationList;
			buildConfigurations = (
				BD3E357A2657F7E2009DF007 /* Debug */,
				BD3E357B2657F7E2009DF007 /* Release */,
			);
			defaultConfigurationIsVisible = 0;
			defaultConfigurationName = Release;
		};
		BD3E357C2657F7E2009DF007 /* Build configuration list for PBXNativeTarget "Memories_2021" */ = {
			isa = XCConfigurationList;
			buildConfigurations = (
				BD3E357D2657F7E2009DF007 /* Debug */,
				BD3E357E2657F7E2009DF007 /* Release */,
			);
			defaultConfigurationIsVisible = 0;
			defaultConfigurationName = Release;
		};
		BD3E357F2657F7E2009DF007 /* Build configuration list for PBXNativeTarget "Memories_2021Tests" */ = {
			isa = XCConfigurationList;
			buildConfigurations = (
				BD3E35802657F7E2009DF007 /* Debug */,
				BD3E35812657F7E2009DF007 /* Release */,
			);
			defaultConfigurationIsVisible = 0;
			defaultConfigurationName = Release;
		};
		BD3E35822657F7E2009DF007 /* Build configuration list for PBXNativeTarget "Memories_2021UITests" */ = {
			isa = XCConfigurationList;
			buildConfigurations = (
				BD3E35832657F7E2009DF007 /* Debug */,
				BD3E35842657F7E2009DF007 /* Release */,
			);
			defaultConfigurationIsVisible = 0;
			defaultConfigurationName = Release;
		};
/* End XCConfigurationList section */
	};
	rootObject = BD3E354F2657F7E0009DF007 /* Project object */;
}
